// !$*UTF8*$!
{
	archiveVersion = 1;
	classes = {
	};
	objectVersion = 56;
	objects = {

/* Begin PBXBuildFile section */
		4D184A3B2A816FDD00AF07B8 /* Separator.swift in Sources */ = {isa = PBXBuildFile; fileRef = 4D184A3A2A816FDD00AF07B8 /* Separator.swift */; };
		4D184A3D2A81735B00AF07B8 /* SpecialElite-Regular.ttf in Resources */ = {isa = PBXBuildFile; fileRef = 4D184A3C2A81735B00AF07B8 /* SpecialElite-Regular.ttf */; };
		4D184A3E2A81735B00AF07B8 /* SpecialElite-Regular.ttf in Resources */ = {isa = PBXBuildFile; fileRef = 4D184A3C2A81735B00AF07B8 /* SpecialElite-Regular.ttf */; };
		4D184A3F2A81735B00AF07B8 /* SpecialElite-Regular.ttf in Resources */ = {isa = PBXBuildFile; fileRef = 4D184A3C2A81735B00AF07B8 /* SpecialElite-Regular.ttf */; };
		4D184A412A81894000AF07B8 /* TitleView.swift in Sources */ = {isa = PBXBuildFile; fileRef = 4D184A402A81894000AF07B8 /* TitleView.swift */; };
		4D3D40F02A7022F100A83261 /* ViewState.swift in Sources */ = {isa = PBXBuildFile; fileRef = 4D3D40EF2A7022F100A83261 /* ViewState.swift */; };
		4DAC6E272A37A25800F7BC72 /* ConfigView.swift in Sources */ = {isa = PBXBuildFile; fileRef = 4DAC6E262A37A25800F7BC72 /* ConfigView.swift */; };
		4DAC6E292A37A3C000F7BC72 /* RectangleButton.swift in Sources */ = {isa = PBXBuildFile; fileRef = 4DAC6E282A37A3C000F7BC72 /* RectangleButton.swift */; };
		4DAC6E2B2A38E56B00F7BC72 /* TutorialView.swift in Sources */ = {isa = PBXBuildFile; fileRef = 4DAC6E2A2A38E56B00F7BC72 /* TutorialView.swift */; };
		4DAC6E302A38E89400F7BC72 /* SomView.swift in Sources */ = {isa = PBXBuildFile; fileRef = 4DAC6E2F2A38E89400F7BC72 /* SomView.swift */; };
		4DAC6E322A38E8A000F7BC72 /* TermosView.swift in Sources */ = {isa = PBXBuildFile; fileRef = 4DAC6E312A38E8A000F7BC72 /* TermosView.swift */; };
		4DAC6E342A38E8A900F7BC72 /* RegrasView.swift in Sources */ = {isa = PBXBuildFile; fileRef = 4DAC6E332A38E8A900F7BC72 /* RegrasView.swift */; };
		4DAC6E362A38E8B100F7BC72 /* PoliticaView.swift in Sources */ = {isa = PBXBuildFile; fileRef = 4DAC6E352A38E8B100F7BC72 /* PoliticaView.swift */; };
		4DAC6E382A38E8B900F7BC72 /* FaleView.swift in Sources */ = {isa = PBXBuildFile; fileRef = 4DAC6E372A38E8B900F7BC72 /* FaleView.swift */; };
		4DAC6E3D2A39F27900F7BC72 /* SplashView.swift in Sources */ = {isa = PBXBuildFile; fileRef = 4DAC6E3C2A39F27900F7BC72 /* SplashView.swift */; };
		4DAC6E572A3A483600F7BC72 /* ButtonGame.swift in Sources */ = {isa = PBXBuildFile; fileRef = 4DAC6E562A3A483600F7BC72 /* ButtonGame.swift */; };
		4DAC6E592A3BB1D000F7BC72 /* CountTimer.swift in Sources */ = {isa = PBXBuildFile; fileRef = 4DAC6E582A3BB1D000F7BC72 /* CountTimer.swift */; };
		4DAC6E5E2A3CDDB600F7BC72 /* alarm clock.ttf in Resources */ = {isa = PBXBuildFile; fileRef = 4DAC6E5D2A3CDDB600F7BC72 /* alarm clock.ttf */; };
		4DFCA67B2A1BFF660087C4E1 /* macroChallengeApp.swift in Sources */ = {isa = PBXBuildFile; fileRef = 4DFCA67A2A1BFF660087C4E1 /* macroChallengeApp.swift */; };
		4DFCA67D2A1BFF660087C4E1 /* MenuView.swift in Sources */ = {isa = PBXBuildFile; fileRef = 4DFCA67C2A1BFF660087C4E1 /* MenuView.swift */; };
		4DFCA67F2A1BFF670087C4E1 /* Assets.xcassets in Resources */ = {isa = PBXBuildFile; fileRef = 4DFCA67E2A1BFF670087C4E1 /* Assets.xcassets */; };
		4DFCA6822A1BFF670087C4E1 /* Preview Assets.xcassets in Resources */ = {isa = PBXBuildFile; fileRef = 4DFCA6812A1BFF670087C4E1 /* Preview Assets.xcassets */; };
		4DFCA68C2A1BFF670087C4E1 /* macroChallengeTests.swift in Sources */ = {isa = PBXBuildFile; fileRef = 4DFCA68B2A1BFF670087C4E1 /* macroChallengeTests.swift */; };
		4DFCA6962A1BFF670087C4E1 /* macroChallengeUITests.swift in Sources */ = {isa = PBXBuildFile; fileRef = 4DFCA6952A1BFF670087C4E1 /* macroChallengeUITests.swift */; };
		4DFCA6982A1BFF670087C4E1 /* macroChallengeUITestsLaunchTests.swift in Sources */ = {isa = PBXBuildFile; fileRef = 4DFCA6972A1BFF670087C4E1 /* macroChallengeUITestsLaunchTests.swift */; };
		6B92C6B92A77324D004E81D4 /* PlayersData.swift in Sources */ = {isa = PBXBuildFile; fileRef = 6B92C6B82A77324D004E81D4 /* PlayersData.swift */; };
		6B92C6BB2A773333004E81D4 /* AgentsView.swift in Sources */ = {isa = PBXBuildFile; fileRef = 6B92C6BA2A773333004E81D4 /* AgentsView.swift */; };
		6BDD4CEA2A26824E00D8CE6D /* Model.swift in Sources */ = {isa = PBXBuildFile; fileRef = 6BDD4CE92A26824E00D8CE6D /* Model.swift */; };
		6BDD4CEC2A2693BA00D8CE6D /* GameView.swift in Sources */ = {isa = PBXBuildFile; fileRef = 6BDD4CEB2A2693BA00D8CE6D /* GameView.swift */; };
		6BDD4CEF2A269ADC00D8CE6D /* Manager.swift in Sources */ = {isa = PBXBuildFile; fileRef = 6BDD4CEE2A269ADC00D8CE6D /* Manager.swift */; };
		6BDD4CF12A27A6EA00D8CE6D /* ContentView.swift in Sources */ = {isa = PBXBuildFile; fileRef = 6BDD4CF02A27A6EA00D8CE6D /* ContentView.swift */; };
		6BDD4CF32A27B3D300D8CE6D /* Button.swift in Sources */ = {isa = PBXBuildFile; fileRef = 6BDD4CF22A27B3D300D8CE6D /* Button.swift */; };
		6BDD4CF62A27B47C00D8CE6D /* coin.m4a in Resources */ = {isa = PBXBuildFile; fileRef = 6BDD4CF52A27B47C00D8CE6D /* coin.m4a */; };
		A726010B2A58974200A9308E /* Theme.swift in Sources */ = {isa = PBXBuildFile; fileRef = A726010A2A58974200A9308E /* Theme.swift */; };
		A726010D2A5897F000A9308E /* ThemeView.swift in Sources */ = {isa = PBXBuildFile; fileRef = A726010C2A5897F000A9308E /* ThemeView.swift */; };
		A73128352A409B870093678F /* ResultadoJogo.swift in Sources */ = {isa = PBXBuildFile; fileRef = A73128342A409B870093678F /* ResultadoJogo.swift */; };
		A7AFF6892A37964500274B81 /* ResultadoJogoView.swift in Sources */ = {isa = PBXBuildFile; fileRef = A7AFF6882A37964500274B81 /* ResultadoJogoView.swift */; };
/* End PBXBuildFile section */

/* Begin PBXContainerItemProxy section */
		4DFCA6882A1BFF670087C4E1 /* PBXContainerItemProxy */ = {
			isa = PBXContainerItemProxy;
			containerPortal = 4DFCA66F2A1BFF660087C4E1 /* Project object */;
			proxyType = 1;
			remoteGlobalIDString = 4DFCA6762A1BFF660087C4E1;
			remoteInfo = macroChallenge;
		};
		4DFCA6922A1BFF670087C4E1 /* PBXContainerItemProxy */ = {
			isa = PBXContainerItemProxy;
			containerPortal = 4DFCA66F2A1BFF660087C4E1 /* Project object */;
			proxyType = 1;
			remoteGlobalIDString = 4DFCA6762A1BFF660087C4E1;
			remoteInfo = macroChallenge;
		};
/* End PBXContainerItemProxy section */

/* Begin PBXFileReference section */
		4D184A3A2A816FDD00AF07B8 /* Separator.swift */ = {isa = PBXFileReference; lastKnownFileType = sourcecode.swift; path = Separator.swift; sourceTree = "<group>"; };
		4D184A3C2A81735B00AF07B8 /* SpecialElite-Regular.ttf */ = {isa = PBXFileReference; lastKnownFileType = file; path = "SpecialElite-Regular.ttf"; sourceTree = "<group>"; };
		4D184A402A81894000AF07B8 /* TitleView.swift */ = {isa = PBXFileReference; lastKnownFileType = sourcecode.swift; path = TitleView.swift; sourceTree = "<group>"; };
		4D3D40EF2A7022F100A83261 /* ViewState.swift */ = {isa = PBXFileReference; lastKnownFileType = sourcecode.swift; path = ViewState.swift; sourceTree = "<group>"; };
		4DAC6E262A37A25800F7BC72 /* ConfigView.swift */ = {isa = PBXFileReference; lastKnownFileType = sourcecode.swift; path = ConfigView.swift; sourceTree = "<group>"; };
		4DAC6E282A37A3C000F7BC72 /* RectangleButton.swift */ = {isa = PBXFileReference; lastKnownFileType = sourcecode.swift; path = RectangleButton.swift; sourceTree = "<group>"; };
		4DAC6E2A2A38E56B00F7BC72 /* TutorialView.swift */ = {isa = PBXFileReference; lastKnownFileType = sourcecode.swift; path = TutorialView.swift; sourceTree = "<group>"; };
		4DAC6E2F2A38E89400F7BC72 /* SomView.swift */ = {isa = PBXFileReference; lastKnownFileType = sourcecode.swift; path = SomView.swift; sourceTree = "<group>"; };
		4DAC6E312A38E8A000F7BC72 /* TermosView.swift */ = {isa = PBXFileReference; lastKnownFileType = sourcecode.swift; path = TermosView.swift; sourceTree = "<group>"; };
		4DAC6E332A38E8A900F7BC72 /* RegrasView.swift */ = {isa = PBXFileReference; lastKnownFileType = sourcecode.swift; path = RegrasView.swift; sourceTree = "<group>"; };
		4DAC6E352A38E8B100F7BC72 /* PoliticaView.swift */ = {isa = PBXFileReference; lastKnownFileType = sourcecode.swift; path = PoliticaView.swift; sourceTree = "<group>"; };
		4DAC6E372A38E8B900F7BC72 /* FaleView.swift */ = {isa = PBXFileReference; lastKnownFileType = sourcecode.swift; path = FaleView.swift; sourceTree = "<group>"; };
		4DAC6E3C2A39F27900F7BC72 /* SplashView.swift */ = {isa = PBXFileReference; lastKnownFileType = sourcecode.swift; path = SplashView.swift; sourceTree = "<group>"; };
		4DAC6E562A3A483600F7BC72 /* ButtonGame.swift */ = {isa = PBXFileReference; lastKnownFileType = sourcecode.swift; path = ButtonGame.swift; sourceTree = "<group>"; };
		4DAC6E582A3BB1D000F7BC72 /* CountTimer.swift */ = {isa = PBXFileReference; lastKnownFileType = sourcecode.swift; path = CountTimer.swift; sourceTree = "<group>"; };
		4DAC6E5D2A3CDDB600F7BC72 /* alarm clock.ttf */ = {isa = PBXFileReference; lastKnownFileType = file; path = "alarm clock.ttf"; sourceTree = "<group>"; };
		4DAC6E5F2A3CDE5500F7BC72 /* Info.plist */ = {isa = PBXFileReference; lastKnownFileType = text.plist; path = Info.plist; sourceTree = "<group>"; };
		4DFCA6772A1BFF660087C4E1 /* macroChallenge.app */ = {isa = PBXFileReference; explicitFileType = wrapper.application; includeInIndex = 0; path = macroChallenge.app; sourceTree = BUILT_PRODUCTS_DIR; };
		4DFCA67A2A1BFF660087C4E1 /* macroChallengeApp.swift */ = {isa = PBXFileReference; lastKnownFileType = sourcecode.swift; path = macroChallengeApp.swift; sourceTree = "<group>"; };
		4DFCA67C2A1BFF660087C4E1 /* MenuView.swift */ = {isa = PBXFileReference; lastKnownFileType = sourcecode.swift; name = MenuView.swift; path = macroChallenge/view/inicial/MenuView.swift; sourceTree = SOURCE_ROOT; };
		4DFCA67E2A1BFF670087C4E1 /* Assets.xcassets */ = {isa = PBXFileReference; lastKnownFileType = folder.assetcatalog; path = Assets.xcassets; sourceTree = "<group>"; };
		4DFCA6812A1BFF670087C4E1 /* Preview Assets.xcassets */ = {isa = PBXFileReference; lastKnownFileType = folder.assetcatalog; path = "Preview Assets.xcassets"; sourceTree = "<group>"; };
		4DFCA6872A1BFF670087C4E1 /* macroChallengeTests.xctest */ = {isa = PBXFileReference; explicitFileType = wrapper.cfbundle; includeInIndex = 0; path = macroChallengeTests.xctest; sourceTree = BUILT_PRODUCTS_DIR; };
		4DFCA68B2A1BFF670087C4E1 /* macroChallengeTests.swift */ = {isa = PBXFileReference; lastKnownFileType = sourcecode.swift; path = macroChallengeTests.swift; sourceTree = "<group>"; };
		4DFCA6912A1BFF670087C4E1 /* macroChallengeUITests.xctest */ = {isa = PBXFileReference; explicitFileType = wrapper.cfbundle; includeInIndex = 0; path = macroChallengeUITests.xctest; sourceTree = BUILT_PRODUCTS_DIR; };
		4DFCA6952A1BFF670087C4E1 /* macroChallengeUITests.swift */ = {isa = PBXFileReference; lastKnownFileType = sourcecode.swift; path = macroChallengeUITests.swift; sourceTree = "<group>"; };
		4DFCA6972A1BFF670087C4E1 /* macroChallengeUITestsLaunchTests.swift */ = {isa = PBXFileReference; lastKnownFileType = sourcecode.swift; path = macroChallengeUITestsLaunchTests.swift; sourceTree = "<group>"; };
		6B92C6B82A77324D004E81D4 /* PlayersData.swift */ = {isa = PBXFileReference; lastKnownFileType = sourcecode.swift; path = PlayersData.swift; sourceTree = "<group>"; };
		6B92C6BA2A773333004E81D4 /* AgentsView.swift */ = {isa = PBXFileReference; lastKnownFileType = sourcecode.swift; path = AgentsView.swift; sourceTree = "<group>"; };
		6BDD4CE92A26824E00D8CE6D /* Model.swift */ = {isa = PBXFileReference; lastKnownFileType = sourcecode.swift; path = Model.swift; sourceTree = "<group>"; };
		6BDD4CEB2A2693BA00D8CE6D /* GameView.swift */ = {isa = PBXFileReference; lastKnownFileType = sourcecode.swift; path = GameView.swift; sourceTree = "<group>"; };
		6BDD4CED2A269A9D00D8CE6D /* macroChallenge.entitlements */ = {isa = PBXFileReference; lastKnownFileType = text.plist.entitlements; path = macroChallenge.entitlements; sourceTree = "<group>"; };
		6BDD4CEE2A269ADC00D8CE6D /* Manager.swift */ = {isa = PBXFileReference; lastKnownFileType = sourcecode.swift; path = Manager.swift; sourceTree = "<group>"; };
		6BDD4CF02A27A6EA00D8CE6D /* ContentView.swift */ = {isa = PBXFileReference; lastKnownFileType = sourcecode.swift; name = ContentView.swift; path = ../../View/ContentView.swift; sourceTree = "<group>"; };
		6BDD4CF22A27B3D300D8CE6D /* Button.swift */ = {isa = PBXFileReference; lastKnownFileType = sourcecode.swift; path = Button.swift; sourceTree = "<group>"; };
		6BDD4CF52A27B47C00D8CE6D /* coin.m4a */ = {isa = PBXFileReference; lastKnownFileType = file; path = coin.m4a; sourceTree = "<group>"; };
		A726010A2A58974200A9308E /* Theme.swift */ = {isa = PBXFileReference; lastKnownFileType = sourcecode.swift; path = Theme.swift; sourceTree = "<group>"; };
		A726010C2A5897F000A9308E /* ThemeView.swift */ = {isa = PBXFileReference; lastKnownFileType = sourcecode.swift; name = ThemeView.swift; path = macroChallenge/View/ThemeView.swift; sourceTree = SOURCE_ROOT; };
		A73128342A409B870093678F /* ResultadoJogo.swift */ = {isa = PBXFileReference; lastKnownFileType = sourcecode.swift; path = ResultadoJogo.swift; sourceTree = "<group>"; };
		A7AFF6882A37964500274B81 /* ResultadoJogoView.swift */ = {isa = PBXFileReference; lastKnownFileType = sourcecode.swift; path = ResultadoJogoView.swift; sourceTree = "<group>"; };
/* End PBXFileReference section */

/* Begin PBXFrameworksBuildPhase section */
		4DFCA6742A1BFF660087C4E1 /* Frameworks */ = {
			isa = PBXFrameworksBuildPhase;
			buildActionMask = 2147483647;
			files = (
			);
			runOnlyForDeploymentPostprocessing = 0;
		};
		4DFCA6842A1BFF670087C4E1 /* Frameworks */ = {
			isa = PBXFrameworksBuildPhase;
			buildActionMask = 2147483647;
			files = (
			);
			runOnlyForDeploymentPostprocessing = 0;
		};
		4DFCA68E2A1BFF670087C4E1 /* Frameworks */ = {
			isa = PBXFrameworksBuildPhase;
			buildActionMask = 2147483647;
			files = (
			);
			runOnlyForDeploymentPostprocessing = 0;
		};
/* End PBXFrameworksBuildPhase section */

/* Begin PBXGroup section */
		4DAC6E2C2A38E57800F7BC72 /* components */ = {
			isa = PBXGroup;
			children = (
				4D184A402A81894000AF07B8 /* TitleView.swift */,
				4D184A3A2A816FDD00AF07B8 /* Separator.swift */,
				4DAC6E282A37A3C000F7BC72 /* RectangleButton.swift */,
				4DAC6E562A3A483600F7BC72 /* ButtonGame.swift */,
				6BDD4CF22A27B3D300D8CE6D /* Button.swift */,
				4DAC6E582A3BB1D000F7BC72 /* CountTimer.swift */,
				A73128342A409B870093678F /* ResultadoJogo.swift */,
			);
			path = components;
			sourceTree = "<group>";
		};
		4DAC6E2D2A38E59100F7BC72 /* View */ = {
			isa = PBXGroup;
			children = (
				6BDD4CEB2A2693BA00D8CE6D /* GameView.swift */,
				A726010C2A5897F000A9308E /* ThemeView.swift */,
				6B92C6BA2A773333004E81D4 /* AgentsView.swift */,
				4DAC6E392A39F25500F7BC72 /* inicial */,
				4DAC6E2E2A38E59F00F7BC72 /* config */,
			);
			path = View;
			sourceTree = "<group>";
		};
		4DAC6E2E2A38E59F00F7BC72 /* config */ = {
			isa = PBXGroup;
			children = (
				4DAC6E2F2A38E89400F7BC72 /* SomView.swift */,
				4DAC6E2A2A38E56B00F7BC72 /* TutorialView.swift */,
				4DAC6E312A38E8A000F7BC72 /* TermosView.swift */,
				4DAC6E352A38E8B100F7BC72 /* PoliticaView.swift */,
				4DAC6E372A38E8B900F7BC72 /* FaleView.swift */,
				4DAC6E332A38E8A900F7BC72 /* RegrasView.swift */,
				4DAC6E262A37A25800F7BC72 /* ConfigView.swift */,
			);
			path = config;
			sourceTree = "<group>";
		};
		4DAC6E392A39F25500F7BC72 /* inicial */ = {
			isa = PBXGroup;
			children = (
				6BDD4CF02A27A6EA00D8CE6D /* ContentView.swift */,
				4D3D40EF2A7022F100A83261 /* ViewState.swift */,
				4DFCA67C2A1BFF660087C4E1 /* MenuView.swift */,
				4DAC6E3C2A39F27900F7BC72 /* SplashView.swift */,
			);
			path = inicial;
			sourceTree = "<group>";
		};
		4DAC6E5C2A3CDDA700F7BC72 /* fonts */ = {
			isa = PBXGroup;
			children = (
				4DAC6E5D2A3CDDB600F7BC72 /* alarm clock.ttf */,
				4D184A3C2A81735B00AF07B8 /* SpecialElite-Regular.ttf */,
			);
			path = fonts;
			sourceTree = "<group>";
		};
		4DFCA66E2A1BFF660087C4E1 = {
			isa = PBXGroup;
			children = (
				4DFCA6792A1BFF660087C4E1 /* macroChallenge */,
				4DFCA68A2A1BFF670087C4E1 /* macroChallengeTests */,
				4DFCA6942A1BFF670087C4E1 /* macroChallengeUITests */,
				4DFCA6782A1BFF660087C4E1 /* Products */,
			);
			sourceTree = "<group>";
		};
		4DFCA6782A1BFF660087C4E1 /* Products */ = {
			isa = PBXGroup;
			children = (
				4DFCA6772A1BFF660087C4E1 /* macroChallenge.app */,
				4DFCA6872A1BFF670087C4E1 /* macroChallengeTests.xctest */,
				4DFCA6912A1BFF670087C4E1 /* macroChallengeUITests.xctest */,
			);
			name = Products;
			sourceTree = "<group>";
		};
		4DFCA6792A1BFF660087C4E1 /* macroChallenge */ = {
			isa = PBXGroup;
			children = (
				4DAC6E5F2A3CDE5500F7BC72 /* Info.plist */,
				4DAC6E5C2A3CDDA700F7BC72 /* fonts */,
				4DAC6E2C2A38E57800F7BC72 /* components */,
				6BDD4CED2A269A9D00D8CE6D /* macroChallenge.entitlements */,
				4DFCA67A2A1BFF660087C4E1 /* macroChallengeApp.swift */,
				4DAC6E2D2A38E59100F7BC72 /* View */,
				A7AFF6862A37950300274B81 /* ViewModel */,
				A7AFF6852A3794E600274B81 /* Model */,
				4DFCA6802A1BFF670087C4E1 /* Preview Content */,
				4DFCA67E2A1BFF670087C4E1 /* Assets.xcassets */,
				6BDD4CF42A27B45900D8CE6D /* Audio */,
			);
			path = macroChallenge;
			sourceTree = "<group>";
		};
		4DFCA6802A1BFF670087C4E1 /* Preview Content */ = {
			isa = PBXGroup;
			children = (
				4DFCA6812A1BFF670087C4E1 /* Preview Assets.xcassets */,
			);
			path = "Preview Content";
			sourceTree = "<group>";
		};
		4DFCA68A2A1BFF670087C4E1 /* macroChallengeTests */ = {
			isa = PBXGroup;
			children = (
				4DFCA68B2A1BFF670087C4E1 /* macroChallengeTests.swift */,
			);
			path = macroChallengeTests;
			sourceTree = "<group>";
		};
		4DFCA6942A1BFF670087C4E1 /* macroChallengeUITests */ = {
			isa = PBXGroup;
			children = (
				4DFCA6952A1BFF670087C4E1 /* macroChallengeUITests.swift */,
				4DFCA6972A1BFF670087C4E1 /* macroChallengeUITestsLaunchTests.swift */,
			);
			path = macroChallengeUITests;
			sourceTree = "<group>";
		};
		6BDD4CF42A27B45900D8CE6D /* Audio */ = {
			isa = PBXGroup;
			children = (
				6BDD4CF52A27B47C00D8CE6D /* coin.m4a */,
			);
			path = Audio;
			sourceTree = "<group>";
		};
		A7AFF6852A3794E600274B81 /* Model */ = {
			isa = PBXGroup;
			children = (
				6BDD4CE92A26824E00D8CE6D /* Model.swift */,
				A726010A2A58974200A9308E /* Theme.swift */,
				6B92C6B82A77324D004E81D4 /* PlayersData.swift */,
			);
			path = Model;
			sourceTree = "<group>";
		};
		A7AFF6862A37950300274B81 /* ViewModel */ = {
			isa = PBXGroup;
			children = (
				6BDD4CEE2A269ADC00D8CE6D /* Manager.swift */,
				A7AFF6882A37964500274B81 /* ResultadoJogoView.swift */,
			);
			path = ViewModel;
			sourceTree = "<group>";
		};
/* End PBXGroup section */

/* Begin PBXNativeTarget section */
		4DFCA6762A1BFF660087C4E1 /* macroChallenge */ = {
			isa = PBXNativeTarget;
			buildConfigurationList = 4DFCA69B2A1BFF670087C4E1 /* Build configuration list for PBXNativeTarget "macroChallenge" */;
			buildPhases = (
				4DFCA6732A1BFF660087C4E1 /* Sources */,
				4DFCA6742A1BFF660087C4E1 /* Frameworks */,
				4DFCA6752A1BFF660087C4E1 /* Resources */,
			);
			buildRules = (
			);
			dependencies = (
			);
			name = macroChallenge;
			productName = macroChallenge;
			productReference = 4DFCA6772A1BFF660087C4E1 /* macroChallenge.app */;
			productType = "com.apple.product-type.application";
		};
		4DFCA6862A1BFF670087C4E1 /* macroChallengeTests */ = {
			isa = PBXNativeTarget;
			buildConfigurationList = 4DFCA69E2A1BFF670087C4E1 /* Build configuration list for PBXNativeTarget "macroChallengeTests" */;
			buildPhases = (
				4DFCA6832A1BFF670087C4E1 /* Sources */,
				4DFCA6842A1BFF670087C4E1 /* Frameworks */,
				4DFCA6852A1BFF670087C4E1 /* Resources */,
			);
			buildRules = (
			);
			dependencies = (
				4DFCA6892A1BFF670087C4E1 /* PBXTargetDependency */,
			);
			name = macroChallengeTests;
			productName = macroChallengeTests;
			productReference = 4DFCA6872A1BFF670087C4E1 /* macroChallengeTests.xctest */;
			productType = "com.apple.product-type.bundle.unit-test";
		};
		4DFCA6902A1BFF670087C4E1 /* macroChallengeUITests */ = {
			isa = PBXNativeTarget;
			buildConfigurationList = 4DFCA6A12A1BFF670087C4E1 /* Build configuration list for PBXNativeTarget "macroChallengeUITests" */;
			buildPhases = (
				4DFCA68D2A1BFF670087C4E1 /* Sources */,
				4DFCA68E2A1BFF670087C4E1 /* Frameworks */,
				4DFCA68F2A1BFF670087C4E1 /* Resources */,
			);
			buildRules = (
			);
			dependencies = (
				4DFCA6932A1BFF670087C4E1 /* PBXTargetDependency */,
			);
			name = macroChallengeUITests;
			productName = macroChallengeUITests;
			productReference = 4DFCA6912A1BFF670087C4E1 /* macroChallengeUITests.xctest */;
			productType = "com.apple.product-type.bundle.ui-testing";
		};
/* End PBXNativeTarget section */

/* Begin PBXProject section */
		4DFCA66F2A1BFF660087C4E1 /* Project object */ = {
			isa = PBXProject;
			attributes = {
				BuildIndependentTargetsInParallel = 1;
				LastSwiftUpdateCheck = 1430;
				LastUpgradeCheck = 1430;
				TargetAttributes = {
					4DFCA6762A1BFF660087C4E1 = {
						CreatedOnToolsVersion = 14.3;
					};
					4DFCA6862A1BFF670087C4E1 = {
						CreatedOnToolsVersion = 14.3;
						TestTargetID = 4DFCA6762A1BFF660087C4E1;
					};
					4DFCA6902A1BFF670087C4E1 = {
						CreatedOnToolsVersion = 14.3;
						TestTargetID = 4DFCA6762A1BFF660087C4E1;
					};
				};
			};
			buildConfigurationList = 4DFCA6722A1BFF660087C4E1 /* Build configuration list for PBXProject "macroChallenge" */;
			compatibilityVersion = "Xcode 14.0";
			developmentRegion = en;
			hasScannedForEncodings = 0;
			knownRegions = (
				en,
				Base,
			);
			mainGroup = 4DFCA66E2A1BFF660087C4E1;
			productRefGroup = 4DFCA6782A1BFF660087C4E1 /* Products */;
			projectDirPath = "";
			projectRoot = "";
			targets = (
				4DFCA6762A1BFF660087C4E1 /* macroChallenge */,
				4DFCA6862A1BFF670087C4E1 /* macroChallengeTests */,
				4DFCA6902A1BFF670087C4E1 /* macroChallengeUITests */,
			);
		};
/* End PBXProject section */

/* Begin PBXResourcesBuildPhase section */
		4DFCA6752A1BFF660087C4E1 /* Resources */ = {
			isa = PBXResourcesBuildPhase;
			buildActionMask = 2147483647;
			files = (
				4DAC6E5E2A3CDDB600F7BC72 /* alarm clock.ttf in Resources */,
				4D184A3D2A81735B00AF07B8 /* SpecialElite-Regular.ttf in Resources */,
				4DFCA6822A1BFF670087C4E1 /* Preview Assets.xcassets in Resources */,
				6BDD4CF62A27B47C00D8CE6D /* coin.m4a in Resources */,
				4DFCA67F2A1BFF670087C4E1 /* Assets.xcassets in Resources */,
			);
			runOnlyForDeploymentPostprocessing = 0;
		};
		4DFCA6852A1BFF670087C4E1 /* Resources */ = {
			isa = PBXResourcesBuildPhase;
			buildActionMask = 2147483647;
			files = (
				4D184A3E2A81735B00AF07B8 /* SpecialElite-Regular.ttf in Resources */,
			);
			runOnlyForDeploymentPostprocessing = 0;
		};
		4DFCA68F2A1BFF670087C4E1 /* Resources */ = {
			isa = PBXResourcesBuildPhase;
			buildActionMask = 2147483647;
			files = (
				4D184A3F2A81735B00AF07B8 /* SpecialElite-Regular.ttf in Resources */,
			);
			runOnlyForDeploymentPostprocessing = 0;
		};
/* End PBXResourcesBuildPhase section */

/* Begin PBXSourcesBuildPhase section */
		4DFCA6732A1BFF660087C4E1 /* Sources */ = {
			isa = PBXSourcesBuildPhase;
			buildActionMask = 2147483647;
			files = (
				6BDD4CEA2A26824E00D8CE6D /* Model.swift in Sources */,
				A7AFF6892A37964500274B81 /* ResultadoJogoView.swift in Sources */,
				A726010D2A5897F000A9308E /* ThemeView.swift in Sources */,
				6BDD4CEF2A269ADC00D8CE6D /* Manager.swift in Sources */,
				A73128352A409B870093678F /* ResultadoJogo.swift in Sources */,
				4D184A412A81894000AF07B8 /* TitleView.swift in Sources */,
				4DAC6E592A3BB1D000F7BC72 /* CountTimer.swift in Sources */,
				A726010B2A58974200A9308E /* Theme.swift in Sources */,
				6BDD4CF12A27A6EA00D8CE6D /* ContentView.swift in Sources */,
				4D3D40F02A7022F100A83261 /* ViewState.swift in Sources */,
				4D184A3B2A816FDD00AF07B8 /* Separator.swift in Sources */,
				4DAC6E342A38E8A900F7BC72 /* RegrasView.swift in Sources */,
				4DAC6E322A38E8A000F7BC72 /* TermosView.swift in Sources */,
				6BDD4CF32A27B3D300D8CE6D /* Button.swift in Sources */,
				4DAC6E382A38E8B900F7BC72 /* FaleView.swift in Sources */,
				4DAC6E292A37A3C000F7BC72 /* RectangleButton.swift in Sources */,
				6B92C6B92A77324D004E81D4 /* PlayersData.swift in Sources */,
				4DFCA67D2A1BFF660087C4E1 /* MenuView.swift in Sources */,
				4DAC6E272A37A25800F7BC72 /* ConfigView.swift in Sources */,
				4DAC6E2B2A38E56B00F7BC72 /* TutorialView.swift in Sources */,
				6B92C6BB2A773333004E81D4 /* AgentsView.swift in Sources */,
				4DAC6E3D2A39F27900F7BC72 /* SplashView.swift in Sources */,
				4DFCA67B2A1BFF660087C4E1 /* macroChallengeApp.swift in Sources */,
				4DAC6E362A38E8B100F7BC72 /* PoliticaView.swift in Sources */,
				4DAC6E572A3A483600F7BC72 /* ButtonGame.swift in Sources */,
				6BDD4CEC2A2693BA00D8CE6D /* GameView.swift in Sources */,
				4DAC6E302A38E89400F7BC72 /* SomView.swift in Sources */,
			);
			runOnlyForDeploymentPostprocessing = 0;
		};
		4DFCA6832A1BFF670087C4E1 /* Sources */ = {
			isa = PBXSourcesBuildPhase;
			buildActionMask = 2147483647;
			files = (
				4DFCA68C2A1BFF670087C4E1 /* macroChallengeTests.swift in Sources */,
			);
			runOnlyForDeploymentPostprocessing = 0;
		};
		4DFCA68D2A1BFF670087C4E1 /* Sources */ = {
			isa = PBXSourcesBuildPhase;
			buildActionMask = 2147483647;
			files = (
				4DFCA6962A1BFF670087C4E1 /* macroChallengeUITests.swift in Sources */,
				4DFCA6982A1BFF670087C4E1 /* macroChallengeUITestsLaunchTests.swift in Sources */,
			);
			runOnlyForDeploymentPostprocessing = 0;
		};
/* End PBXSourcesBuildPhase section */

/* Begin PBXTargetDependency section */
		4DFCA6892A1BFF670087C4E1 /* PBXTargetDependency */ = {
			isa = PBXTargetDependency;
			target = 4DFCA6762A1BFF660087C4E1 /* macroChallenge */;
			targetProxy = 4DFCA6882A1BFF670087C4E1 /* PBXContainerItemProxy */;
		};
		4DFCA6932A1BFF670087C4E1 /* PBXTargetDependency */ = {
			isa = PBXTargetDependency;
			target = 4DFCA6762A1BFF660087C4E1 /* macroChallenge */;
			targetProxy = 4DFCA6922A1BFF670087C4E1 /* PBXContainerItemProxy */;
		};
/* End PBXTargetDependency section */

/* Begin XCBuildConfiguration section */
		4DFCA6992A1BFF670087C4E1 /* Debug */ = {
			isa = XCBuildConfiguration;
			buildSettings = {
				ALWAYS_SEARCH_USER_PATHS = NO;
				CLANG_ANALYZER_NONNULL = YES;
				CLANG_ANALYZER_NUMBER_OBJECT_CONVERSION = YES_AGGRESSIVE;
				CLANG_CXX_LANGUAGE_STANDARD = "gnu++20";
				CLANG_ENABLE_MODULES = YES;
				CLANG_ENABLE_OBJC_ARC = YES;
				CLANG_ENABLE_OBJC_WEAK = YES;
				CLANG_WARN_BLOCK_CAPTURE_AUTORELEASING = YES;
				CLANG_WARN_BOOL_CONVERSION = YES;
				CLANG_WARN_COMMA = YES;
				CLANG_WARN_CONSTANT_CONVERSION = YES;
				CLANG_WARN_DEPRECATED_OBJC_IMPLEMENTATIONS = YES;
				CLANG_WARN_DIRECT_OBJC_ISA_USAGE = YES_ERROR;
				CLANG_WARN_DOCUMENTATION_COMMENTS = YES;
				CLANG_WARN_EMPTY_BODY = YES;
				CLANG_WARN_ENUM_CONVERSION = YES;
				CLANG_WARN_INFINITE_RECURSION = YES;
				CLANG_WARN_INT_CONVERSION = YES;
				CLANG_WARN_NON_LITERAL_NULL_CONVERSION = YES;
				CLANG_WARN_OBJC_IMPLICIT_RETAIN_SELF = YES;
				CLANG_WARN_OBJC_LITERAL_CONVERSION = YES;
				CLANG_WARN_OBJC_ROOT_CLASS = YES_ERROR;
				CLANG_WARN_QUOTED_INCLUDE_IN_FRAMEWORK_HEADER = YES;
				CLANG_WARN_RANGE_LOOP_ANALYSIS = YES;
				CLANG_WARN_STRICT_PROTOTYPES = YES;
				CLANG_WARN_SUSPICIOUS_MOVE = YES;
				CLANG_WARN_UNGUARDED_AVAILABILITY = YES_AGGRESSIVE;
				CLANG_WARN_UNREACHABLE_CODE = YES;
				CLANG_WARN__DUPLICATE_METHOD_MATCH = YES;
				COPY_PHASE_STRIP = NO;
				DEBUG_INFORMATION_FORMAT = dwarf;
				ENABLE_STRICT_OBJC_MSGSEND = YES;
				ENABLE_TESTABILITY = YES;
				GCC_C_LANGUAGE_STANDARD = gnu11;
				GCC_DYNAMIC_NO_PIC = NO;
				GCC_NO_COMMON_BLOCKS = YES;
				GCC_OPTIMIZATION_LEVEL = 0;
				GCC_PREPROCESSOR_DEFINITIONS = (
					"DEBUG=1",
					"$(inherited)",
				);
				GCC_WARN_64_TO_32_BIT_CONVERSION = YES;
				GCC_WARN_ABOUT_RETURN_TYPE = YES_ERROR;
				GCC_WARN_UNDECLARED_SELECTOR = YES;
				GCC_WARN_UNINITIALIZED_AUTOS = YES_AGGRESSIVE;
				GCC_WARN_UNUSED_FUNCTION = YES;
				GCC_WARN_UNUSED_VARIABLE = YES;
				IPHONEOS_DEPLOYMENT_TARGET = 16.4;
				MTL_ENABLE_DEBUG_INFO = INCLUDE_SOURCE;
				MTL_FAST_MATH = YES;
				ONLY_ACTIVE_ARCH = YES;
				SDKROOT = iphoneos;
				SWIFT_ACTIVE_COMPILATION_CONDITIONS = DEBUG;
				SWIFT_OPTIMIZATION_LEVEL = "-Onone";
			};
			name = Debug;
		};
		4DFCA69A2A1BFF670087C4E1 /* Release */ = {
			isa = XCBuildConfiguration;
			buildSettings = {
				ALWAYS_SEARCH_USER_PATHS = NO;
				CLANG_ANALYZER_NONNULL = YES;
				CLANG_ANALYZER_NUMBER_OBJECT_CONVERSION = YES_AGGRESSIVE;
				CLANG_CXX_LANGUAGE_STANDARD = "gnu++20";
				CLANG_ENABLE_MODULES = YES;
				CLANG_ENABLE_OBJC_ARC = YES;
				CLANG_ENABLE_OBJC_WEAK = YES;
				CLANG_WARN_BLOCK_CAPTURE_AUTORELEASING = YES;
				CLANG_WARN_BOOL_CONVERSION = YES;
				CLANG_WARN_COMMA = YES;
				CLANG_WARN_CONSTANT_CONVERSION = YES;
				CLANG_WARN_DEPRECATED_OBJC_IMPLEMENTATIONS = YES;
				CLANG_WARN_DIRECT_OBJC_ISA_USAGE = YES_ERROR;
				CLANG_WARN_DOCUMENTATION_COMMENTS = YES;
				CLANG_WARN_EMPTY_BODY = YES;
				CLANG_WARN_ENUM_CONVERSION = YES;
				CLANG_WARN_INFINITE_RECURSION = YES;
				CLANG_WARN_INT_CONVERSION = YES;
				CLANG_WARN_NON_LITERAL_NULL_CONVERSION = YES;
				CLANG_WARN_OBJC_IMPLICIT_RETAIN_SELF = YES;
				CLANG_WARN_OBJC_LITERAL_CONVERSION = YES;
				CLANG_WARN_OBJC_ROOT_CLASS = YES_ERROR;
				CLANG_WARN_QUOTED_INCLUDE_IN_FRAMEWORK_HEADER = YES;
				CLANG_WARN_RANGE_LOOP_ANALYSIS = YES;
				CLANG_WARN_STRICT_PROTOTYPES = YES;
				CLANG_WARN_SUSPICIOUS_MOVE = YES;
				CLANG_WARN_UNGUARDED_AVAILABILITY = YES_AGGRESSIVE;
				CLANG_WARN_UNREACHABLE_CODE = YES;
				CLANG_WARN__DUPLICATE_METHOD_MATCH = YES;
				COPY_PHASE_STRIP = NO;
				DEBUG_INFORMATION_FORMAT = "dwarf-with-dsym";
				ENABLE_NS_ASSERTIONS = NO;
				ENABLE_STRICT_OBJC_MSGSEND = YES;
				GCC_C_LANGUAGE_STANDARD = gnu11;
				GCC_NO_COMMON_BLOCKS = YES;
				GCC_WARN_64_TO_32_BIT_CONVERSION = YES;
				GCC_WARN_ABOUT_RETURN_TYPE = YES_ERROR;
				GCC_WARN_UNDECLARED_SELECTOR = YES;
				GCC_WARN_UNINITIALIZED_AUTOS = YES_AGGRESSIVE;
				GCC_WARN_UNUSED_FUNCTION = YES;
				GCC_WARN_UNUSED_VARIABLE = YES;
				IPHONEOS_DEPLOYMENT_TARGET = 16.4;
				MTL_ENABLE_DEBUG_INFO = NO;
				MTL_FAST_MATH = YES;
				SDKROOT = iphoneos;
				SWIFT_COMPILATION_MODE = wholemodule;
				SWIFT_OPTIMIZATION_LEVEL = "-O";
				VALIDATE_PRODUCT = YES;
			};
			name = Release;
		};
		4DFCA69C2A1BFF670087C4E1 /* Debug */ = {
			isa = XCBuildConfiguration;
			buildSettings = {
				ASSETCATALOG_COMPILER_APPICON_NAME = AppIcon;
				ASSETCATALOG_COMPILER_GLOBAL_ACCENT_COLOR_NAME = AccentColor;
				CODE_SIGN_ENTITLEMENTS = macroChallenge/macroChallenge.entitlements;
				CODE_SIGN_STYLE = Automatic;
				CURRENT_PROJECT_VERSION = 1;
				DEVELOPMENT_ASSET_PATHS = "\"macroChallenge/Preview Content\"";
				DEVELOPMENT_TEAM = 7NPP9SCGSB;
				ENABLE_PREVIEWS = YES;
				GENERATE_INFOPLIST_FILE = YES;
				INFOPLIST_FILE = macroChallenge/Info.plist;
				INFOPLIST_KEY_UIApplicationSceneManifest_Generation = YES;
				INFOPLIST_KEY_UIApplicationSupportsIndirectInputEvents = YES;
				INFOPLIST_KEY_UILaunchScreen_Generation = YES;
				INFOPLIST_KEY_UISupportedInterfaceOrientations_iPad = "UIInterfaceOrientationPortrait UIInterfaceOrientationPortraitUpsideDown UIInterfaceOrientationLandscapeLeft UIInterfaceOrientationLandscapeRight";
				INFOPLIST_KEY_UISupportedInterfaceOrientations_iPhone = "UIInterfaceOrientationPortrait UIInterfaceOrientationLandscapeLeft UIInterfaceOrientationLandscapeRight";
				IPHONEOS_DEPLOYMENT_TARGET = 16.2;
				LD_RUNPATH_SEARCH_PATHS = (
					"$(inherited)",
					"@executable_path/Frameworks",
				);
				MARKETING_VERSION = 1.0;
				PRODUCT_BUNDLE_IDENTIFIER = macroChallengetapple;
				PRODUCT_NAME = "$(TARGET_NAME)";
				SUPPORTED_PLATFORMS = "iphoneos iphonesimulator";
				SUPPORTS_MACCATALYST = NO;
				SUPPORTS_MAC_DESIGNED_FOR_IPHONE_IPAD = NO;
				SWIFT_EMIT_LOC_STRINGS = YES;
				SWIFT_VERSION = 5.0;
				TARGETED_DEVICE_FAMILY = "1,2";
			};
			name = Debug;
		};
		4DFCA69D2A1BFF670087C4E1 /* Release */ = {
			isa = XCBuildConfiguration;
			buildSettings = {
				ASSETCATALOG_COMPILER_APPICON_NAME = AppIcon;
				ASSETCATALOG_COMPILER_GLOBAL_ACCENT_COLOR_NAME = AccentColor;
				CODE_SIGN_ENTITLEMENTS = macroChallenge/macroChallenge.entitlements;
				CODE_SIGN_STYLE = Automatic;
				CURRENT_PROJECT_VERSION = 1;
				DEVELOPMENT_ASSET_PATHS = "\"macroChallenge/Preview Content\"";
				DEVELOPMENT_TEAM = PHVL4RZ8Z5;
				ENABLE_PREVIEWS = YES;
				GENERATE_INFOPLIST_FILE = YES;
				INFOPLIST_FILE = macroChallenge/Info.plist;
				INFOPLIST_KEY_UIApplicationSceneManifest_Generation = YES;
				INFOPLIST_KEY_UIApplicationSupportsIndirectInputEvents = YES;
				INFOPLIST_KEY_UILaunchScreen_Generation = YES;
				INFOPLIST_KEY_UISupportedInterfaceOrientations_iPad = "UIInterfaceOrientationPortrait UIInterfaceOrientationPortraitUpsideDown UIInterfaceOrientationLandscapeLeft UIInterfaceOrientationLandscapeRight";
				INFOPLIST_KEY_UISupportedInterfaceOrientations_iPhone = "UIInterfaceOrientationPortrait UIInterfaceOrientationLandscapeLeft UIInterfaceOrientationLandscapeRight";
				IPHONEOS_DEPLOYMENT_TARGET = 16.2;
				LD_RUNPATH_SEARCH_PATHS = (
					"$(inherited)",
					"@executable_path/Frameworks",
				);
				MARKETING_VERSION = 1.0;
				PRODUCT_BUNDLE_IDENTIFIER = macroChallengetapple;
				PRODUCT_NAME = "$(TARGET_NAME)";
				SUPPORTED_PLATFORMS = "iphoneos iphonesimulator";
				SUPPORTS_MACCATALYST = NO;
				SUPPORTS_MAC_DESIGNED_FOR_IPHONE_IPAD = NO;
				SWIFT_EMIT_LOC_STRINGS = YES;
				SWIFT_VERSION = 5.0;
				TARGETED_DEVICE_FAMILY = "1,2";
			};
			name = Release;
		};
		4DFCA69F2A1BFF670087C4E1 /* Debug */ = {
			isa = XCBuildConfiguration;
			buildSettings = {
				ALWAYS_EMBED_SWIFT_STANDARD_LIBRARIES = YES;
				BUNDLE_LOADER = "$(TEST_HOST)";
				CODE_SIGN_STYLE = Automatic;
				CURRENT_PROJECT_VERSION = 1;
				DEVELOPMENT_TEAM = PHVL4RZ8Z5;
				GENERATE_INFOPLIST_FILE = YES;
				IPHONEOS_DEPLOYMENT_TARGET = 16.4;
				MARKETING_VERSION = 1.0;
				PRODUCT_BUNDLE_IDENTIFIER = rebeca.macroChallengeTests;
				PRODUCT_NAME = "$(TARGET_NAME)";
				SWIFT_EMIT_LOC_STRINGS = NO;
				SWIFT_VERSION = 5.0;
				TARGETED_DEVICE_FAMILY = "1,2";
				TEST_HOST = "$(BUILT_PRODUCTS_DIR)/macroChallenge.app/$(BUNDLE_EXECUTABLE_FOLDER_PATH)/macroChallenge";
			};
			name = Debug;
		};
		4DFCA6A02A1BFF670087C4E1 /* Release */ = {
			isa = XCBuildConfiguration;
			buildSettings = {
				ALWAYS_EMBED_SWIFT_STANDARD_LIBRARIES = YES;
				BUNDLE_LOADER = "$(TEST_HOST)";
				CODE_SIGN_STYLE = Automatic;
				CURRENT_PROJECT_VERSION = 1;
				DEVELOPMENT_TEAM = PHVL4RZ8Z5;
				GENERATE_INFOPLIST_FILE = YES;
				IPHONEOS_DEPLOYMENT_TARGET = 16.4;
				MARKETING_VERSION = 1.0;
				PRODUCT_BUNDLE_IDENTIFIER = rebeca.macroChallengeTests;
				PRODUCT_NAME = "$(TARGET_NAME)";
				SWIFT_EMIT_LOC_STRINGS = NO;
				SWIFT_VERSION = 5.0;
				TARGETED_DEVICE_FAMILY = "1,2";
				TEST_HOST = "$(BUILT_PRODUCTS_DIR)/macroChallenge.app/$(BUNDLE_EXECUTABLE_FOLDER_PATH)/macroChallenge";
			};
			name = Release;
		};
		4DFCA6A22A1BFF670087C4E1 /* Debug */ = {
			isa = XCBuildConfiguration;
			buildSettings = {
				ALWAYS_EMBED_SWIFT_STANDARD_LIBRARIES = YES;
				CODE_SIGN_STYLE = Automatic;
				CURRENT_PROJECT_VERSION = 1;
				DEVELOPMENT_TEAM = PHVL4RZ8Z5;
				GENERATE_INFOPLIST_FILE = YES;
				MARKETING_VERSION = 1.0;
				PRODUCT_BUNDLE_IDENTIFIER = rebeca.macroChallengeUITests;
				PRODUCT_NAME = "$(TARGET_NAME)";
				SWIFT_EMIT_LOC_STRINGS = NO;
				SWIFT_VERSION = 5.0;
				TARGETED_DEVICE_FAMILY = "1,2";
				TEST_TARGET_NAME = macroChallenge;
			};
			name = Debug;
		};
		4DFCA6A32A1BFF670087C4E1 /* Release */ = {
			isa = XCBuildConfiguration;
			buildSettings = {
				ALWAYS_EMBED_SWIFT_STANDARD_LIBRARIES = YES;
				CODE_SIGN_STYLE = Automatic;
				CURRENT_PROJECT_VERSION = 1;
				DEVELOPMENT_TEAM = PHVL4RZ8Z5;
				GENERATE_INFOPLIST_FILE = YES;
				MARKETING_VERSION = 1.0;
				PRODUCT_BUNDLE_IDENTIFIER = rebeca.macroChallengeUITests;
				PRODUCT_NAME = "$(TARGET_NAME)";
				SWIFT_EMIT_LOC_STRINGS = NO;
				SWIFT_VERSION = 5.0;
				TARGETED_DEVICE_FAMILY = "1,2";
				TEST_TARGET_NAME = macroChallenge;
			};
			name = Release;
		};
/* End XCBuildConfiguration section */

/* Begin XCConfigurationList section */
		4DFCA6722A1BFF660087C4E1 /* Build configuration list for PBXProject "macroChallenge" */ = {
			isa = XCConfigurationList;
			buildConfigurations = (
				4DFCA6992A1BFF670087C4E1 /* Debug */,
				4DFCA69A2A1BFF670087C4E1 /* Release */,
			);
			defaultConfigurationIsVisible = 0;
			defaultConfigurationName = Release;
		};
		4DFCA69B2A1BFF670087C4E1 /* Build configuration list for PBXNativeTarget "macroChallenge" */ = {
			isa = XCConfigurationList;
			buildConfigurations = (
				4DFCA69C2A1BFF670087C4E1 /* Debug */,
				4DFCA69D2A1BFF670087C4E1 /* Release */,
			);
			defaultConfigurationIsVisible = 0;
			defaultConfigurationName = Release;
		};
		4DFCA69E2A1BFF670087C4E1 /* Build configuration list for PBXNativeTarget "macroChallengeTests" */ = {
			isa = XCConfigurationList;
			buildConfigurations = (
				4DFCA69F2A1BFF670087C4E1 /* Debug */,
				4DFCA6A02A1BFF670087C4E1 /* Release */,
			);
			defaultConfigurationIsVisible = 0;
			defaultConfigurationName = Release;
		};
		4DFCA6A12A1BFF670087C4E1 /* Build configuration list for PBXNativeTarget "macroChallengeUITests" */ = {
			isa = XCConfigurationList;
			buildConfigurations = (
				4DFCA6A22A1BFF670087C4E1 /* Debug */,
				4DFCA6A32A1BFF670087C4E1 /* Release */,
			);
			defaultConfigurationIsVisible = 0;
			defaultConfigurationName = Release;
		};
/* End XCConfigurationList section */
	};
	rootObject = 4DFCA66F2A1BFF660087C4E1 /* Project object */;
}
